
Microsoft Visual Studio Solution File, Format Version 12.00
# Visual Studio 2012
Project("{FAE04EC0-301F-11D3-BF4B-00C04F79EFBC}") = "UsedCarBLL", "UserdCarBLL\UsedCarBLL.csproj", "{D6CBAC7C-AD09-4B8A-90EE-AF65A721AE71}"
EndProject
Project("{FAE04EC0-301F-11D3-BF4B-00C04F79EFBC}") = "UsedCarDAL", "UsedCarDAL\UsedCarDAL.csproj", "{7BA56B3A-9A1E-4B73-A873-850519E05007}"
EndProject
Project("{FAE04EC0-301F-11D3-BF4B-00C04F79EFBC}") = "UsedCarDB", "UsedCarDB\UsedCarDB.csproj", "{3D96610C-EA31-4CF4-85A8-89D39B4D0B55}"
EndProject
Project("{FAE04EC0-301F-11D3-BF4B-00C04F79EFBC}") = "UsedCarPublic", "UsedCarPublic\UsedCarPublic.csproj", "{F6374769-9ABD-450B-8735-AF1B783640EF}"
EndProject
Project("{FAE04EC0-301F-11D3-BF4B-00C04F79EFBC}") = "UsedCarModle", "UsedCarModle\UsedCarModle.csproj", "{18D9E32E-1879-4ED4-AF56-16AFD1D72480}"
EndProject
Project("{FAE04EC0-301F-11D3-BF4B-00C04F79EFBC}") = "UsedCarSolution", "UsedCarSolution\UsedCarSolution.csproj", "{7A7907BF-C2DF-472C-8E81-98C992AC34D3}"
EndProject
Global
	GlobalSection(SolutionConfigurationPlatforms) = preSolution
		Debug|Any CPU = Debug|Any CPU
		Release|Any CPU = Release|Any CPU
	EndGlobalSection
	GlobalSection(ProjectConfigurationPlatforms) = postSolution
		{D6CBAC7C-AD09-4B8A-90EE-AF65A721AE71}.Debug|Any CPU.ActiveCfg = Debug|Any CPU
		{D6CBAC7C-AD09-4B8A-90EE-AF65A721AE71}.Debug|Any CPU.Build.0 = Debug|Any CPU
		{D6CBAC7C-AD09-4B8A-90EE-AF65A721AE71}.Release|Any CPU.ActiveCfg = Release|Any CPU
		{D6CBAC7C-AD09-4B8A-90EE-AF65A721AE71}.Release|Any CPU.Build.0 = Release|Any CPU
		{7BA56B3A-9A1E-4B73-A873-850519E05007}.Debug|Any CPU.ActiveCfg = Debug|Any CPU
		{7BA56B3A-9A1E-4B73-A873-850519E05007}.Debug|Any CPU.Build.0 = Debug|Any CPU
		{7BA56B3A-9A1E-4B73-A873-850519E05007}.Release|Any CPU.ActiveCfg = Release|Any CPU
		{7BA56B3A-9A1E-4B73-A873-850519E05007}.Release|Any CPU.Build.0 = Release|Any CPU
		{3D96610C-EA31-4CF4-85A8-89D39B4D0B55}.Debug|Any CPU.ActiveCfg = Debug|Any CPU
		{3D96610C-EA31-4CF4-85A8-89D39B4D0B55}.Debug|Any CPU.Build.0 = Debug|Any CPU
		{3D96610C-EA31-4CF4-85A8-89D39B4D0B55}.Release|Any CPU.ActiveCfg = Release|Any CPU
		{3D96610C-EA31-4CF4-85A8-89D39B4D0B55}.Release|Any CPU.Build.0 = Release|Any CPU
		{F6374769-9ABD-450B-8735-AF1B783640EF}.Debug|Any CPU.ActiveCfg = Debug|Any CPU
		{F6374769-9ABD-450B-8735-AF1B783640EF}.Debug|Any CPU.Build.0 = Debug|Any CPU
		{F6374769-9ABD-450B-8735-AF1B783640EF}.Release|Any CPU.ActiveCfg = Release|Any CPU
		{F6374769-9ABD-450B-8735-AF1B783640EF}.Release|Any CPU.Build.0 = Release|Any CPU
		{18D9E32E-1879-4ED4-AF56-16AFD1D72480}.Debug|Any CPU.ActiveCfg = Debug|Any CPU
		{18D9E32E-1879-4ED4-AF56-16AFD1D72480}.Debug|Any CPU.Build.0 = Debug|Any CPU
		{18D9E32E-1879-4ED4-AF56-16AFD1D72480}.Release|Any CPU.ActiveCfg = Release|Any CPU
		{18D9E32E-1879-4ED4-AF56-16AFD1D72480}.Release|Any CPU.Build.0 = Release|Any CPU
		{7A7907BF-C2DF-472C-8E81-98C992AC34D3}.Debug|Any CPU.ActiveCfg = Debug|Any CPU
		{7A7907BF-C2DF-472C-8E81-98C992AC34D3}.Debug|Any CPU.Build.0 = Debug|Any CPU
		{7A7907BF-C2DF-472C-8E81-98C992AC34D3}.Release|Any CPU.ActiveCfg = Release|Any CPU
		{7A7907BF-C2DF-472C-8E81-98C992AC34D3}.Release|Any CPU.Build.0 = Release|Any CPU
	EndGlobalSection
	GlobalSection(SolutionProperties) = preSolution
		HideSolutionNode = FALSE
	EndGlobalSection
EndGlobal
